{
  "name": "random-messages-update",
  "version": "2.0.1",
  "lockfileVersion": 2,
  "requires": true,
  "packages": {
    "": {
      "name": "random-messages-update",
      "version": "2.0.1",
      "license": "MIT",
      "dependencies": {
        "random-messages-update": "^2.0.1"
      },
      "bin": {
        "random-msg": ".bin/global.js"
      }
    },
    "node_modules/random-messages-update": {
      "version": "2.0.1",
      "resolved": "https://registry.npmjs.org/random-messages-update/-/random-messages-update-2.0.1.tgz",
      "integrity": "sha512-9MzuhKjnvDTRDaqFzRUpB3cS3a+PnDlBbYUERXqcV9xuDTIRFAaaLXQM4EwRGVrM6gHGXEl6fbAk0c/aP6f7QQ==",
      "bin": {
        "random-msg": ".bin/global.js"
      }
    }
  },
  "dependencies": {
    "random-messages-update": {
      "version": "2.0.1",
      "resolved": "https://registry.npmjs.org/random-messages-update/-/random-messages-update-2.0.1.tgz",
      "integrity": "sha512-9MzuhKjnvDTRDaqFzRUpB3cS3a+PnDlBbYUERXqcV9xuDTIRFAaaLXQM4EwRGVrM6gHGXEl6fbAk0c/aP6f7QQ=="
    }
  }
}
